
Microsoft Visual Studio Solution File, Format Version 12.00
# Visual Studio Version 17
VisualStudioVersion = 17.5.002.0
MinimumVisualStudioVersion = 10.0.40219.1
Project("{9A19103F-16F7-4668-BE54-9A1E7A4F7556}") = "Exponential Search", "Exponential Search.csproj", "{1A21020E-ADD9-4E28-A836-D402D668880E}"
EndProject
Global
	GlobalSection(SolutionConfigurationPlatforms) = preSolution
		Debug|Any CPU = Debug|Any CPU
		Release|Any CPU = Release|Any CPU
	EndGlobalSection
	GlobalSection(ProjectConfigurationPlatforms) = postSolution
		{1A21020E-ADD9-4E28-A836-D402D668880E}.Debug|Any CPU.ActiveCfg = Debug|Any CPU
		{1A21020E-ADD9-4E28-A836-D402D668880E}.Debug|Any CPU.Build.0 = Debug|Any CPU
		{1A21020E-ADD9-4E28-A836-D402D668880E}.Release|Any CPU.ActiveCfg = Release|Any CPU
		{1A21020E-ADD9-4E28-A836-D402D668880E}.Release|Any CPU.Build.0 = Release|Any CPU
	EndGlobalSection
	GlobalSection(SolutionProperties) = preSolution
		HideSolutionNode = FALSE
	EndGlobalSection
	GlobalSection(ExtensibilityGlobals) = postSolution
		SolutionGuid = {ACFE20F5-7B68-4C70-AFA4-E86F0544D905}
	EndGlobalSection
EndGlobal
